
Microsoft Visual Studio Solution File, Format Version 12.00
# Visual Studio 14
VisualStudioVersion = 14.0.25420.1
MinimumVisualStudioVersion = 10.0.40219.1
Project("{FAE04EC0-301F-11D3-BF4B-00C04F79EFBC}") = "Tutorial3_WhatsNewReSharper2016.3", "Tutorial3_WhatsNewReSharper2016.3\Tutorial3_WhatsNewReSharper2016.3.csproj", "{A74E43C4-A3C7-443B-82ED-87B41C6891AD}"
EndProject
Global
	GlobalSection(SolutionConfigurationPlatforms) = preSolution
		Debug|Any CPU = Debug|Any CPU
		Release|Any CPU = Release|Any CPU
	EndGlobalSection
	GlobalSection(ProjectConfigurationPlatforms) = postSolution
		{A74E43C4-A3C7-443B-82ED-87B41C6891AD}.Debug|Any CPU.ActiveCfg = Debug|Any CPU
		{A74E43C4-A3C7-443B-82ED-87B41C6891AD}.Debug|Any CPU.Build.0 = Debug|Any CPU
		{A74E43C4-A3C7-443B-82ED-87B41C6891AD}.Release|Any CPU.ActiveCfg = Release|Any CPU
		{A74E43C4-A3C7-443B-82ED-87B41C6891AD}.Release|Any CPU.Build.0 = Release|Any CPU
	EndGlobalSection
	GlobalSection(SolutionProperties) = preSolution
		HideSolutionNode = FALSE
	EndGlobalSection
EndGlobal
